
Microsoft Visual Studio Solution File, Format Version 12.00
# Visual Studio 14
VisualStudioVersion = 14.0.25123.0
MinimumVisualStudioVersion = 10.0.40219.1
Project("{FAE04EC0-301F-11D3-BF4B-00C04F79EFBC}") = "Similarities", "Similarities\Similarities.csproj", "{2D43C4AE-92CA-48BB-8050-E58F1147A0F2}"
EndProject
Project("{FAE04EC0-301F-11D3-BF4B-00C04F79EFBC}") = "Similarities.Tests", "Similarities.Tests\Similarities.Tests.csproj", "{CD0F1016-C8A5-4A2A-AA2E-EC4629AE653C}"
EndProject
Global
	GlobalSection(SolutionConfigurationPlatforms) = preSolution
		Debug|Any CPU = Debug|Any CPU
		Release|Any CPU = Release|Any CPU
	EndGlobalSection
	GlobalSection(ProjectConfigurationPlatforms) = postSolution
		{2D43C4AE-92CA-48BB-8050-E58F1147A0F2}.Debug|Any CPU.ActiveCfg = Debug|Any CPU
		{2D43C4AE-92CA-48BB-8050-E58F1147A0F2}.Debug|Any CPU.Build.0 = Debug|Any CPU
		{2D43C4AE-92CA-48BB-8050-E58F1147A0F2}.Release|Any CPU.ActiveCfg = Release|Any CPU
		{2D43C4AE-92CA-48BB-8050-E58F1147A0F2}.Release|Any CPU.Build.0 = Release|Any CPU
		{CD0F1016-C8A5-4A2A-AA2E-EC4629AE653C}.Debug|Any CPU.ActiveCfg = Debug|Any CPU
		{CD0F1016-C8A5-4A2A-AA2E-EC4629AE653C}.Debug|Any CPU.Build.0 = Debug|Any CPU
		{CD0F1016-C8A5-4A2A-AA2E-EC4629AE653C}.Release|Any CPU.ActiveCfg = Release|Any CPU
		{CD0F1016-C8A5-4A2A-AA2E-EC4629AE653C}.Release|Any CPU.Build.0 = Release|Any CPU
	EndGlobalSection
	GlobalSection(SolutionProperties) = preSolution
		HideSolutionNode = FALSE
	EndGlobalSection
EndGlobal
